
Microsoft Visual Studio Solution File, Format Version 12.00
# Visual Studio Version 17
VisualStudioVersion = 17.5.002.0
MinimumVisualStudioVersion = 10.0.40219.1
Project("{9A19103F-16F7-4668-BE54-9A1E7A4F7556}") = "debugClient", "debugClient\debugClient.csproj", "{3ED9D9E0-0F19-435A-8D8E-644280A8C646}"
EndProject
Project("{FAE04EC0-301F-11D3-BF4B-00C04F79EFBC}") = "hostsvc-position-plugin-starter", "src\hostsvc-position-plugin-starter.csproj", "{DDA13A82-3756-4A22-A6B3-4B4EE3062059}"
EndProject
Global
	GlobalSection(SolutionConfigurationPlatforms) = preSolution
		Debug|Any CPU = Debug|Any CPU
		Release|Any CPU = Release|Any CPU
	EndGlobalSection
	GlobalSection(ProjectConfigurationPlatforms) = postSolution
		{3ED9D9E0-0F19-435A-8D8E-644280A8C646}.Debug|Any CPU.ActiveCfg = Debug|Any CPU
		{3ED9D9E0-0F19-435A-8D8E-644280A8C646}.Debug|Any CPU.Build.0 = Debug|Any CPU
		{3ED9D9E0-0F19-435A-8D8E-644280A8C646}.Release|Any CPU.ActiveCfg = Release|Any CPU
		{3ED9D9E0-0F19-435A-8D8E-644280A8C646}.Release|Any CPU.Build.0 = Release|Any CPU
		{DDA13A82-3756-4A22-A6B3-4B4EE3062059}.Debug|Any CPU.ActiveCfg = Debug|Any CPU
		{DDA13A82-3756-4A22-A6B3-4B4EE3062059}.Debug|Any CPU.Build.0 = Debug|Any CPU
		{DDA13A82-3756-4A22-A6B3-4B4EE3062059}.Release|Any CPU.ActiveCfg = Release|Any CPU
		{DDA13A82-3756-4A22-A6B3-4B4EE3062059}.Release|Any CPU.Build.0 = Release|Any CPU
	EndGlobalSection
	GlobalSection(SolutionProperties) = preSolution
		HideSolutionNode = FALSE
	EndGlobalSection
	GlobalSection(ExtensibilityGlobals) = postSolution
		SolutionGuid = {4E761151-B04C-4C7E-8567-19139E58D7C1}
	EndGlobalSection
EndGlobal
